
Microsoft Visual Studio Solution File, Format Version 12.00
# Visual Studio Version 17
VisualStudioVersion = 17.8.34330.188
MinimumVisualStudioVersion = 10.0.40219.1
Project("{FAE04EC0-301F-11D3-BF4B-00C04F79EFBC}") = "Project.Youtube", "Project.Youtube\Project.Youtube.csproj", "{4856096A-20AB-4B42-823B-1DE1576338C2}"
EndProject
Global
	GlobalSection(SolutionConfigurationPlatforms) = preSolution
		Debug|Any CPU = Debug|Any CPU
		Release|Any CPU = Release|Any CPU
	EndGlobalSection
	GlobalSection(ProjectConfigurationPlatforms) = postSolution
		{4856096A-20AB-4B42-823B-1DE1576338C2}.Debug|Any CPU.ActiveCfg = Debug|Any CPU
		{4856096A-20AB-4B42-823B-1DE1576338C2}.Debug|Any CPU.Build.0 = Debug|Any CPU
		{4856096A-20AB-4B42-823B-1DE1576338C2}.Release|Any CPU.ActiveCfg = Release|Any CPU
		{4856096A-20AB-4B42-823B-1DE1576338C2}.Release|Any CPU.Build.0 = Release|Any CPU
	EndGlobalSection
	GlobalSection(SolutionProperties) = preSolution
		HideSolutionNode = FALSE
	EndGlobalSection
	GlobalSection(ExtensibilityGlobals) = postSolution
		SolutionGuid = {8D833FAA-7F8D-4263-9B90-4FEFA1FB294F}
	EndGlobalSection
EndGlobal
